
Microsoft Visual Studio Solution File, Format Version 12.00
# Visual Studio 15
Project("{FAE04EC0-301F-11D3-BF4B-00C04F79EFBC}") = "test", "test.csproj", "{F96E0787-DF81-0979-2B6A-18AE3634D852}"
EndProject
Project("{FAE04EC0-301F-11D3-BF4B-00C04F79EFBC}") = "test.Plugins", "test.Plugins.csproj", "{1B67EF4C-0C4E-3B15-4052-B03DB4C6A78F}"
EndProject
Project("{FAE04EC0-301F-11D3-BF4B-00C04F79EFBC}") = "test.Editor.Plugins", "test.Editor.Plugins.csproj", "{BAB4074E-8662-AA90-65F9-5520A3ED6075}"
EndProject
Global
	GlobalSection(SolutionConfigurationPlatforms) = preSolution
		Debug|Any CPU = Debug|Any CPU
		Release|Any CPU = Release|Any CPU
	EndGlobalSection
	GlobalSection(ProjectConfigurationPlatforms) = postSolution
		{F96E0787-DF81-0979-2B6A-18AE3634D852}.Debug|Any CPU.ActiveCfg = Debug|Any CPU
		{F96E0787-DF81-0979-2B6A-18AE3634D852}.Debug|Any CPU.Build.0 = Debug|Any CPU
		{F96E0787-DF81-0979-2B6A-18AE3634D852}.Release|Any CPU.ActiveCfg = Release|Any CPU
		{F96E0787-DF81-0979-2B6A-18AE3634D852}.Release|Any CPU.Build.0 = Release|Any CPU
		{1B67EF4C-0C4E-3B15-4052-B03DB4C6A78F}.Debug|Any CPU.ActiveCfg = Debug|Any CPU
		{1B67EF4C-0C4E-3B15-4052-B03DB4C6A78F}.Debug|Any CPU.Build.0 = Debug|Any CPU
		{1B67EF4C-0C4E-3B15-4052-B03DB4C6A78F}.Release|Any CPU.ActiveCfg = Release|Any CPU
		{1B67EF4C-0C4E-3B15-4052-B03DB4C6A78F}.Release|Any CPU.Build.0 = Release|Any CPU
		{BAB4074E-8662-AA90-65F9-5520A3ED6075}.Debug|Any CPU.ActiveCfg = Debug|Any CPU
		{BAB4074E-8662-AA90-65F9-5520A3ED6075}.Debug|Any CPU.Build.0 = Debug|Any CPU
		{BAB4074E-8662-AA90-65F9-5520A3ED6075}.Release|Any CPU.ActiveCfg = Release|Any CPU
		{BAB4074E-8662-AA90-65F9-5520A3ED6075}.Release|Any CPU.Build.0 = Release|Any CPU
	EndGlobalSection
	GlobalSection(SolutionProperties) = preSolution
		HideSolutionNode = FALSE
	EndGlobalSection
EndGlobal
